
Microsoft Visual Studio Solution File, Format Version 12.00
# Visual Studio Version 16
VisualStudioVersion = 16.0.28803.156
MinimumVisualStudioVersion = 10.0.40219.1
Project("{FAE04EC0-301F-11D3-BF4B-00C04F79EFBC}") = "BaseNexon", "BaseNexon\BaseNexon.csproj", "{D8AAD3CA-608B-431C-A834-80AB875C788E}"
EndProject
Global
	GlobalSection(SolutionConfigurationPlatforms) = preSolution
		Debug|Any CPU = Debug|Any CPU
		Release|Any CPU = Release|Any CPU
	EndGlobalSection
	GlobalSection(ProjectConfigurationPlatforms) = postSolution
		{D8AAD3CA-608B-431C-A834-80AB875C788E}.Debug|Any CPU.ActiveCfg = Debug|Any CPU
		{D8AAD3CA-608B-431C-A834-80AB875C788E}.Debug|Any CPU.Build.0 = Debug|Any CPU
		{D8AAD3CA-608B-431C-A834-80AB875C788E}.Release|Any CPU.ActiveCfg = Release|Any CPU
		{D8AAD3CA-608B-431C-A834-80AB875C788E}.Release|Any CPU.Build.0 = Release|Any CPU
	EndGlobalSection
	GlobalSection(SolutionProperties) = preSolution
		HideSolutionNode = FALSE
	EndGlobalSection
	GlobalSection(ExtensibilityGlobals) = postSolution
		SolutionGuid = {A995EBA1-B6DC-40A1-897A-2995F2D506AB}
	EndGlobalSection
EndGlobal
